
Microsoft Visual Studio Solution File, Format Version 12.00
# Visual Studio Version 16
VisualStudioVersion = 16.0.29709.97
MinimumVisualStudioVersion = 10.0.40219.1
Project("{8BC9CEB8-8B4A-11D0-8D11-00A0C91BC942}") = "MarioDemo - wk6", "MarioDemo - wk6\MarioDemo - wk6.vcxproj", "{8A13A923-22F7-4031-992C-867EBFA94601}"
EndProject
Global
	GlobalSection(SolutionConfigurationPlatforms) = preSolution
		Debug|x64 = Debug|x64
		Debug|x86 = Debug|x86
		Release|x64 = Release|x64
		Release|x86 = Release|x86
	EndGlobalSection
	GlobalSection(ProjectConfigurationPlatforms) = postSolution
		{8A13A923-22F7-4031-992C-867EBFA94601}.Debug|x64.ActiveCfg = Debug|x64
		{8A13A923-22F7-4031-992C-867EBFA94601}.Debug|x64.Build.0 = Debug|x64
		{8A13A923-22F7-4031-992C-867EBFA94601}.Debug|x86.ActiveCfg = Debug|Win32
		{8A13A923-22F7-4031-992C-867EBFA94601}.Debug|x86.Build.0 = Debug|Win32
		{8A13A923-22F7-4031-992C-867EBFA94601}.Release|x64.ActiveCfg = Release|x64
		{8A13A923-22F7-4031-992C-867EBFA94601}.Release|x64.Build.0 = Release|x64
		{8A13A923-22F7-4031-992C-867EBFA94601}.Release|x86.ActiveCfg = Release|Win32
		{8A13A923-22F7-4031-992C-867EBFA94601}.Release|x86.Build.0 = Release|Win32
	EndGlobalSection
	GlobalSection(SolutionProperties) = preSolution
		HideSolutionNode = FALSE
	EndGlobalSection
	GlobalSection(ExtensibilityGlobals) = postSolution
		SolutionGuid = {F9DFE412-434B-48AB-8ACC-03A37A48C52B}
	EndGlobalSection
EndGlobal
